
Microsoft Visual Studio Solution File, Format Version 12.00
# Visual Studio 2013
VisualStudioVersion = 12.0.30324.0
MinimumVisualStudioVersion = 10.0.40219.1
Project("{FAE04EC0-301F-11D3-BF4B-00C04F79EFBC}") = "CalculatedProperties", "CalculatedProperties\CalculatedProperties.csproj", "{4BAF4F80-AF92-4DAE-97A2-0ECD98BC3131}"
EndProject
Project("{FAE04EC0-301F-11D3-BF4B-00C04F79EFBC}") = "Unit Tests", "Unit Tests\Unit Tests.csproj", "{DCE7CC72-835C-48C3-9903-8A73F760B902}"
EndProject
Global
	GlobalSection(SolutionConfigurationPlatforms) = preSolution
		Debug|Any CPU = Debug|Any CPU
		Release|Any CPU = Release|Any CPU
	EndGlobalSection
	GlobalSection(ProjectConfigurationPlatforms) = postSolution
		{4BAF4F80-AF92-4DAE-97A2-0ECD98BC3131}.Debug|Any CPU.ActiveCfg = Debug|Any CPU
		{4BAF4F80-AF92-4DAE-97A2-0ECD98BC3131}.Debug|Any CPU.Build.0 = Debug|Any CPU
		{4BAF4F80-AF92-4DAE-97A2-0ECD98BC3131}.Release|Any CPU.ActiveCfg = Release|Any CPU
		{4BAF4F80-AF92-4DAE-97A2-0ECD98BC3131}.Release|Any CPU.Build.0 = Release|Any CPU
		{DCE7CC72-835C-48C3-9903-8A73F760B902}.Debug|Any CPU.ActiveCfg = Debug|Any CPU
		{DCE7CC72-835C-48C3-9903-8A73F760B902}.Debug|Any CPU.Build.0 = Debug|Any CPU
		{DCE7CC72-835C-48C3-9903-8A73F760B902}.Release|Any CPU.ActiveCfg = Release|Any CPU
		{DCE7CC72-835C-48C3-9903-8A73F760B902}.Release|Any CPU.Build.0 = Release|Any CPU
	EndGlobalSection
	GlobalSection(SolutionProperties) = preSolution
		HideSolutionNode = FALSE
	EndGlobalSection
EndGlobal
